
Microsoft Visual Studio Solution File, Format Version 12.00
# Visual Studio Version 16
VisualStudioVersion = 16.0.29728.190
MinimumVisualStudioVersion = 10.0.40219.1
Project("{FAE04EC0-301F-11D3-BF4B-00C04F79EFBC}") = "DesignPatterns.Observer.Teletubbies", "DesignPatterns.Observer.Teletubbies\DesignPatterns.Observer.Teletubbies.csproj", "{52B15E8E-A8A1-4346-95D3-4A3A02264C8F}"
EndProject
Global
	GlobalSection(SolutionConfigurationPlatforms) = preSolution
		Debug|Any CPU = Debug|Any CPU
		Release|Any CPU = Release|Any CPU
	EndGlobalSection
	GlobalSection(ProjectConfigurationPlatforms) = postSolution
		{52B15E8E-A8A1-4346-95D3-4A3A02264C8F}.Debug|Any CPU.ActiveCfg = Debug|Any CPU
		{52B15E8E-A8A1-4346-95D3-4A3A02264C8F}.Debug|Any CPU.Build.0 = Debug|Any CPU
		{52B15E8E-A8A1-4346-95D3-4A3A02264C8F}.Release|Any CPU.ActiveCfg = Release|Any CPU
		{52B15E8E-A8A1-4346-95D3-4A3A02264C8F}.Release|Any CPU.Build.0 = Release|Any CPU
	EndGlobalSection
	GlobalSection(SolutionProperties) = preSolution
		HideSolutionNode = FALSE
	EndGlobalSection
	GlobalSection(ExtensibilityGlobals) = postSolution
		SolutionGuid = {B1EDE7FB-5406-401F-AE4E-2ADE77476744}
	EndGlobalSection
EndGlobal
